PODS:
  - ActiveLabel (1.1.0)
  - Alamofire (5.6.1)
  - Hero (1.6.1)
  - Kingfisher (7.2.4)
  - Realm (10.33.0):
    - Realm/Headers (= 10.33.0)
  - Realm/Headers (10.33.0)
  - RealmSwift (10.33.0):
    - Realm (= 10.33.0)
  - SwiftSoup (2.4.3)
  - SwiftyJSON (5.0.1)
  - TGPControls (5.1.0)

DEPENDENCIES:
  - ActiveLabel
  - Alamofire
  - Hero
  - Kingfisher (~> 7.0)
  - RealmSwift
  - SwiftSoup
  - SwiftyJSON
  - TGPControls

SPEC REPOS:
  trunk:
    - ActiveLabel
    - Alamofire
    - Hero
    - Kingfisher
    - Realm
    - RealmSwift
    - SwiftSoup
    - SwiftyJSON
    - TGPControls

SPEC CHECKSUMS:
  ActiveLabel: 5e3f4de79a1952d4604b845a0610d4776e4b82b3
  Alamofire: 87bd8c952f9a4454320fce00d9cc3de57bcadaf5
  Hero: 215865ba3ae41dd9bb08cd6c60a645529c6fc94b
  Kingfisher: 2457be2121734e69e54a2312ecc0150eb9ae70b3
  Realm: d4f810e161fa2c2c589b9860b6eb09238deacd73
  RealmSwift: cef9946f09f2333a8f2ac8bac4f8de52fb9f5ac3
  SwiftSoup: 3384f2e618cfc1b3cbc7852c16692fe8de13fb8f
  SwiftyJSON: 2f33a42c6fbc52764d96f13368585094bfd8aa5e
  TGPControls: 52c0770bee9c9aee364f1559cc627fc01ea5e8b2

PODFILE CHECKSUM: 537fca3b5066d071ad24157cdedce247e07b06aa

COCOAPODS: 1.11.3
